// !$*UTF8*$!
{
	archiveVersion = 1;
	classes = {
	};
	objectVersion = 50;
	objects = {

/* Begin PBXBuildFile section */
		0B3896A7207BB4E800F62611 /* HttpRequestsConsts.swift in Sources */ = {isa = PBXBuildFile; fileRef = 0B3896A6207BB4E800F62611 /* HttpRequestsConsts.swift */; };
		0B43D326207F28F1003D0ED4 /* JsonParser.swift in Sources */ = {isa = PBXBuildFile; fileRef = 0B43D325207F28F1003D0ED4 /* JsonParser.swift */; };
		0B43D329207F294D003D0ED4 /* ExternalIPObject.swift in Sources */ = {isa = PBXBuildFile; fileRef = 0B43D328207F294D003D0ED4 /* ExternalIPObject.swift */; };
		0B43D32B208110B5003D0ED4 /* CityByIPObject.swift in Sources */ = {isa = PBXBuildFile; fileRef = 0B43D32A208110B5003D0ED4 /* CityByIPObject.swift */; };
		0B4A7A97208205F900761A4D /* WheatherData.xcdatamodeld in Sources */ = {isa = PBXBuildFile; fileRef = 0B4A7A95208205F900761A4D /* WheatherData.xcdatamodeld */; };
		0B4A7A9A20827C2200761A4D /* CoreDataManager.swift in Sources */ = {isa = PBXBuildFile; fileRef = 0B4A7A9920827C2200761A4D /* CoreDataManager.swift */; };
		0B6C6CB9207910850006FDCE /* AppDelegate.swift in Sources */ = {isa = PBXBuildFile; fileRef = 0B6C6CB8207910850006FDCE /* AppDelegate.swift */; };
		0B6C6CBB207910850006FDCE /* ViewController.swift in Sources */ = {isa = PBXBuildFile; fileRef = 0B6C6CBA207910850006FDCE /* ViewController.swift */; };
		0B6C6CBE207910850006FDCE /* Main.storyboard in Resources */ = {isa = PBXBuildFile; fileRef = 0B6C6CBC207910850006FDCE /* Main.storyboard */; };
		0B6C6CC0207910860006FDCE /* Assets.xcassets in Resources */ = {isa = PBXBuildFile; fileRef = 0B6C6CBF207910860006FDCE /* Assets.xcassets */; };
		0B6C6CC3207910860006FDCE /* LaunchScreen.storyboard in Resources */ = {isa = PBXBuildFile; fileRef = 0B6C6CC1207910860006FDCE /* LaunchScreen.storyboard */; };
		0B6C6CCB207912470006FDCE /* HttpRequests.swift in Sources */ = {isa = PBXBuildFile; fileRef = 0B6C6CCA207912470006FDCE /* HttpRequests.swift */; };
/* End PBXBuildFile section */

/* Begin PBXFileReference section */
		0B3896A6207BB4E800F62611 /* HttpRequestsConsts.swift */ = {isa = PBXFileReference; lastKnownFileType = sourcecode.swift; path = HttpRequestsConsts.swift; sourceTree = "<group>"; };
		0B43D325207F28F1003D0ED4 /* JsonParser.swift */ = {isa = PBXFileReference; lastKnownFileType = sourcecode.swift; path = JsonParser.swift; sourceTree = "<group>"; };
		0B43D328207F294D003D0ED4 /* ExternalIPObject.swift */ = {isa = PBXFileReference; lastKnownFileType = sourcecode.swift; path = ExternalIPObject.swift; sourceTree = "<group>"; };
		0B43D32A208110B5003D0ED4 /* CityByIPObject.swift */ = {isa = PBXFileReference; lastKnownFileType = sourcecode.swift; path = CityByIPObject.swift; sourceTree = "<group>"; };
		0B4A7A96208205F900761A4D /* WheatherData.xcdatamodel */ = {isa = PBXFileReference; lastKnownFileType = wrapper.xcdatamodel; path = WheatherData.xcdatamodel; sourceTree = "<group>"; };
		0B4A7A9920827C2200761A4D /* CoreDataManager.swift */ = {isa = PBXFileReference; lastKnownFileType = sourcecode.swift; path = CoreDataManager.swift; sourceTree = "<group>"; };
		0B6C6CB5207910850006FDCE /* Weather.app */ = {isa = PBXFileReference; explicitFileType = wrapper.application; includeInIndex = 0; path = Weather.app; sourceTree = BUILT_PRODUCTS_DIR; };
		0B6C6CB8207910850006FDCE /* AppDelegate.swift */ = {isa = PBXFileReference; lastKnownFileType = sourcecode.swift; path = AppDelegate.swift; sourceTree = "<group>"; };
		0B6C6CBA207910850006FDCE /* ViewController.swift */ = {isa = PBXFileReference; lastKnownFileType = sourcecode.swift; path = ViewController.swift; sourceTree = "<group>"; };
		0B6C6CBD207910850006FDCE /* Base */ = {isa = PBXFileReference; lastKnownFileType = file.storyboard; name = Base; path = Base.lproj/Main.storyboard; sourceTree = "<group>"; };
		0B6C6CBF207910860006FDCE /* Assets.xcassets */ = {isa = PBXFileReference; lastKnownFileType = folder.assetcatalog; path = Assets.xcassets; sourceTree = "<group>"; };
		0B6C6CC2207910860006FDCE /* Base */ = {isa = PBXFileReference; lastKnownFileType = file.storyboard; name = Base; path = Base.lproj/LaunchScreen.storyboard; sourceTree = "<group>"; };
		0B6C6CC4207910860006FDCE /* Info.plist */ = {isa = PBXFileReference; lastKnownFileType = text.plist.xml; path = Info.plist; sourceTree = "<group>"; };
		0B6C6CCA207912470006FDCE /* HttpRequests.swift */ = {isa = PBXFileReference; lastKnownFileType = sourcecode.swift; path = HttpRequests.swift; sourceTree = "<group>"; };
/* End PBXFileReference section */

/* Begin PBXFrameworksBuildPhase section */
		0B6C6CB2207910850006FDCE /* Frameworks */ = {
			isa = PBXFrameworksBuildPhase;
			buildActionMask = 2147483647;
			files = (
			);
			runOnlyForDeploymentPostprocessing = 0;
		};
/* End PBXFrameworksBuildPhase section */

/* Begin PBXGroup section */
		0B3896A5207BB3D100F62611 /* HttpRequests */ = {
			isa = PBXGroup;
			children = (
				0B6C6CCA207912470006FDCE /* HttpRequests.swift */,
				0B3896A6207BB4E800F62611 /* HttpRequestsConsts.swift */,
			);
			path = HttpRequests;
			sourceTree = "<group>";
		};
		0B3896A8207C7E6900F62611 /* ModelObjects */ = {
			isa = PBXGroup;
			children = (
				0B43D328207F294D003D0ED4 /* ExternalIPObject.swift */,
				0B43D32A208110B5003D0ED4 /* CityByIPObject.swift */,
			);
			path = ModelObjects;
			sourceTree = "<group>";
		};
		0B43D327207F28FE003D0ED4 /* JsonParserManager */ = {
			isa = PBXGroup;
			children = (
				0B43D325207F28F1003D0ED4 /* JsonParser.swift */,
			);
			path = JsonParserManager;
			sourceTree = "<group>";
		};
		0B4A7A982082060500761A4D /* CoreData */ = {
			isa = PBXGroup;
			children = (
				0B4A7A95208205F900761A4D /* WheatherData.xcdatamodeld */,
				0B4A7A9920827C2200761A4D /* CoreDataManager.swift */,
			);
			path = CoreData;
			sourceTree = "<group>";
		};
		0B6C6CAC207910850006FDCE = {
			isa = PBXGroup;
			children = (
				0B6C6CB7207910850006FDCE /* Weather */,
				0B6C6CB6207910850006FDCE /* Products */,
			);
			sourceTree = "<group>";
		};
		0B6C6CB6207910850006FDCE /* Products */ = {
			isa = PBXGroup;
			children = (
				0B6C6CB5207910850006FDCE /* Weather.app */,
			);
			name = Products;
			sourceTree = "<group>";
		};
		0B6C6CB7207910850006FDCE /* Weather */ = {
			isa = PBXGroup;
			children = (
				0B4A7A982082060500761A4D /* CoreData */,
				0B43D327207F28FE003D0ED4 /* JsonParserManager */,
				0B3896A8207C7E6900F62611 /* ModelObjects */,
				0B3896A5207BB3D100F62611 /* HttpRequests */,
				0B6C6CB8207910850006FDCE /* AppDelegate.swift */,
				0B6C6CBA207910850006FDCE /* ViewController.swift */,
				0B6C6CBC207910850006FDCE /* Main.storyboard */,
				0B6C6CBF207910860006FDCE /* Assets.xcassets */,
				0B6C6CC1207910860006FDCE /* LaunchScreen.storyboard */,
				0B6C6CC4207910860006FDCE /* Info.plist */,
			);
			path = Weather;
			sourceTree = "<group>";
		};
/* End PBXGroup section */

/* Begin PBXNativeTarget section */
		0B6C6CB4207910850006FDCE /* Weather */ = {
			isa = PBXNativeTarget;
			buildConfigurationList = 0B6C6CC7207910860006FDCE /* Build configuration list for PBXNativeTarget "Weather" */;
			buildPhases = (
				0B6C6CB1207910850006FDCE /* Sources */,
				0B6C6CB2207910850006FDCE /* Frameworks */,
				0B6C6CB3207910850006FDCE /* Resources */,
			);
			buildRules = (
			);
			dependencies = (
			);
			name = Weather;
			productName = Weather;
			productReference = 0B6C6CB5207910850006FDCE /* Weather.app */;
			productType = "com.apple.product-type.application";
		};
/* End PBXNativeTarget section */

/* Begin PBXProject section */
		0B6C6CAD207910850006FDCE /* Project object */ = {
			isa = PBXProject;
			attributes = {
				LastSwiftUpdateCheck = 0930;
				LastUpgradeCheck = 0930;
				ORGANIZATIONNAME = "Dennis Shar";
				TargetAttributes = {
					0B6C6CB4207910850006FDCE = {
						CreatedOnToolsVersion = 9.3;
					};
				};
			};
			buildConfigurationList = 0B6C6CB0207910850006FDCE /* Build configuration list for PBXProject "Weather" */;
			compatibilityVersion = "Xcode 9.3";
			developmentRegion = en;
			hasScannedForEncodings = 0;
			knownRegions = (
				en,
				Base,
			);
			mainGroup = 0B6C6CAC207910850006FDCE;
			productRefGroup = 0B6C6CB6207910850006FDCE /* Products */;
			projectDirPath = "";
			projectRoot = "";
			targets = (
				0B6C6CB4207910850006FDCE /* Weather */,
			);
		};
/* End PBXProject section */

/* Begin PBXResourcesBuildPhase section */
		0B6C6CB3207910850006FDCE /* Resources */ = {
			isa = PBXResourcesBuildPhase;
			buildActionMask = 2147483647;
			files = (
				0B6C6CC3207910860006FDCE /* LaunchScreen.storyboard in Resources */,
				0B6C6CC0207910860006FDCE /* Assets.xcassets in Resources */,
				0B6C6CBE207910850006FDCE /* Main.storyboard in Resources */,
			);
			runOnlyForDeploymentPostprocessing = 0;
		};
/* End PBXResourcesBuildPhase section */

/* Begin PBXSourcesBuildPhase section */
		0B6C6CB1207910850006FDCE /* Sources */ = {
			isa = PBXSourcesBuildPhase;
			buildActionMask = 2147483647;
			files = (
				0B43D32B208110B5003D0ED4 /* CityByIPObject.swift in Sources */,
				0B6C6CCB207912470006FDCE /* HttpRequests.swift in Sources */,
				0B3896A7207BB4E800F62611 /* HttpRequestsConsts.swift in Sources */,
				0B4A7A97208205F900761A4D /* WheatherData.xcdatamodeld in Sources */,
				0B43D326207F28F1003D0ED4 /* JsonParser.swift in Sources */,
				0B6C6CBB207910850006FDCE /* ViewController.swift in Sources */,
				0B4A7A9A20827C2200761A4D /* CoreDataManager.swift in Sources */,
				0B43D329207F294D003D0ED4 /* ExternalIPObject.swift in Sources */,
				0B6C6CB9207910850006FDCE /* AppDelegate.swift in Sources */,
			);
			runOnlyForDeploymentPostprocessing = 0;
		};
/* End PBXSourcesBuildPhase section */

/* Begin PBXVariantGroup section */
		0B6C6CBC207910850006FDCE /* Main.storyboard */ = {
			isa = PBXVariantGroup;
			children = (
				0B6C6CBD207910850006FDCE /* Base */,
			);
			name = Main.storyboard;
			sourceTree = "<group>";
		};
		0B6C6CC1207910860006FDCE /* LaunchScreen.storyboard */ = {
			isa = PBXVariantGroup;
			children = (
				0B6C6CC2207910860006FDCE /* Base */,
			);
			name = LaunchScreen.storyboard;
			sourceTree = "<group>";
		};
/* End PBXVariantGroup section */

/* Begin XCBuildConfiguration section */
		0B6C6CC5207910860006FDCE /* Debug */ = {
			isa = XCBuildConfiguration;
			buildSettings = {
				ALWAYS_SEARCH_USER_PATHS = NO;
				CLANG_ANALYZER_NONNULL = YES;
				CLANG_ANALYZER_NUMBER_OBJECT_CONVERSION = YES_AGGRESSIVE;
				CLANG_CXX_LANGUAGE_STANDARD = "gnu++14";
				CLANG_CXX_LIBRARY = "libc++";
				CLANG_ENABLE_MODULES = YES;
				CLANG_ENABLE_OBJC_ARC = YES;
				CLANG_ENABLE_OBJC_WEAK = YES;
				CLANG_WARN_BLOCK_CAPTURE_AUTORELEASING = YES;
				CLANG_WARN_BOOL_CONVERSION = YES;
				CLANG_WARN_COMMA = YES;
				CLANG_WARN_CONSTANT_CONVERSION = YES;
				CLANG_WARN_DEPRECATED_OBJC_IMPLEMENTATIONS = YES;
				CLANG_WARN_DIRECT_OBJC_ISA_USAGE = YES_ERROR;
				CLANG_WARN_DOCUMENTATION_COMMENTS = YES;
				CLANG_WARN_EMPTY_BODY = YES;
				CLANG_WARN_ENUM_CONVERSION = YES;
				CLANG_WARN_INFINITE_RECURSION = YES;
				CLANG_WARN_INT_CONVERSION = YES;
				CLANG_WARN_NON_LITERAL_NULL_CONVERSION = YES;
				CLANG_WARN_OBJC_IMPLICIT_RETAIN_SELF = YES;
				CLANG_WARN_OBJC_LITERAL_CONVERSION = YES;
				CLANG_WARN_OBJC_ROOT_CLASS = YES_ERROR;
				CLANG_WARN_RANGE_LOOP_ANALYSIS = YES;
				CLANG_WARN_STRICT_PROTOTYPES = YES;
				CLANG_WARN_SUSPICIOUS_MOVE = YES;
				CLANG_WARN_UNGUARDED_AVAILABILITY = YES_AGGRESSIVE;
				CLANG_WARN_UNREACHABLE_CODE = YES;
				CLANG_WARN__DUPLICATE_METHOD_MATCH = YES;
				CODE_SIGN_IDENTITY = "iPhone Developer";
				COPY_PHASE_STRIP = NO;
				DEBUG_INFORMATION_FORMAT = dwarf;
				ENABLE_STRICT_OBJC_MSGSEND = YES;
				ENABLE_TESTABILITY = YES;
				GCC_C_LANGUAGE_STANDARD = gnu11;
				GCC_DYNAMIC_NO_PIC = NO;
				GCC_NO_COMMON_BLOCKS = YES;
				GCC_OPTIMIZATION_LEVEL = 0;
				GCC_PREPROCESSOR_DEFINITIONS = (
					"DEBUG=1",
					"$(inherited)",
				);
				GCC_WARN_64_TO_32_BIT_CONVERSION = YES;
				GCC_WARN_ABOUT_RETURN_TYPE = YES_ERROR;
				GCC_WARN_UNDECLARED_SELECTOR = YES;
				GCC_WARN_UNINITIALIZED_AUTOS = YES_AGGRESSIVE;
				GCC_WARN_UNUSED_FUNCTION = YES;
				GCC_WARN_UNUSED_VARIABLE = YES;
				IPHONEOS_DEPLOYMENT_TARGET = 11.3;
				MTL_ENABLE_DEBUG_INFO = YES;
				ONLY_ACTIVE_ARCH = YES;
				SDKROOT = iphoneos;
				SWIFT_ACTIVE_COMPILATION_CONDITIONS = DEBUG;
				SWIFT_OPTIMIZATION_LEVEL = "-Onone";
			};
			name = Debug;
		};
		0B6C6CC6207910860006FDCE /* Release */ = {
			isa = XCBuildConfiguration;
			buildSettings = {
				ALWAYS_SEARCH_USER_PATHS = NO;
				CLANG_ANALYZER_NONNULL = YES;
				CLANG_ANALYZER_NUMBER_OBJECT_CONVERSION = YES_AGGRESSIVE;
				CLANG_CXX_LANGUAGE_STANDARD = "gnu++14";
				CLANG_CXX_LIBRARY = "libc++";
				CLANG_ENABLE_MODULES = YES;
				CLANG_ENABLE_OBJC_ARC = YES;
				CLANG_ENABLE_OBJC_WEAK = YES;
				CLANG_WARN_BLOCK_CAPTURE_AUTORELEASING = YES;
				CLANG_WARN_BOOL_CONVERSION = YES;
				CLANG_WARN_COMMA = YES;
				CLANG_WARN_CONSTANT_CONVERSION = YES;
				CLANG_WARN_DEPRECATED_OBJC_IMPLEMENTATIONS = YES;
				CLANG_WARN_DIRECT_OBJC_ISA_USAGE = YES_ERROR;
				CLANG_WARN_DOCUMENTATION_COMMENTS = YES;
				CLANG_WARN_EMPTY_BODY = YES;
				CLANG_WARN_ENUM_CONVERSION = YES;
				CLANG_WARN_INFINITE_RECURSION = YES;
				CLANG_WARN_INT_CONVERSION = YES;
				CLANG_WARN_NON_LITERAL_NULL_CONVERSION = YES;
				CLANG_WARN_OBJC_IMPLICIT_RETAIN_SELF = YES;
				CLANG_WARN_OBJC_LITERAL_CONVERSION = YES;
				CLANG_WARN_OBJC_ROOT_CLASS = YES_ERROR;
				CLANG_WARN_RANGE_LOOP_ANALYSIS = YES;
				CLANG_WARN_STRICT_PROTOTYPES = YES;
				CLANG_WARN_SUSPICIOUS_MOVE = YES;
				CLANG_WARN_UNGUARDED_AVAILABILITY = YES_AGGRESSIVE;
				CLANG_WARN_UNREACHABLE_CODE = YES;
				CLANG_WARN__DUPLICATE_METHOD_MATCH = YES;
				CODE_SIGN_IDENTITY = "iPhone Developer";
				COPY_PHASE_STRIP = NO;
				DEBUG_INFORMATION_FORMAT = "dwarf-with-dsym";
				ENABLE_NS_ASSERTIONS = NO;
				ENABLE_STRICT_OBJC_MSGSEND = YES;
				GCC_C_LANGUAGE_STANDARD = gnu11;
				GCC_NO_COMMON_BLOCKS = YES;
				GCC_WARN_64_TO_32_BIT_CONVERSION = YES;
				GCC_WARN_ABOUT_RETURN_TYPE = YES_ERROR;
				GCC_WARN_UNDECLARED_SELECTOR = YES;
				GCC_WARN_UNINITIALIZED_AUTOS = YES_AGGRESSIVE;
				GCC_WARN_UNUSED_FUNCTION = YES;
				GCC_WARN_UNUSED_VARIABLE = YES;
				IPHONEOS_DEPLOYMENT_TARGET = 11.3;
				MTL_ENABLE_DEBUG_INFO = NO;
				SDKROOT = iphoneos;
				SWIFT_COMPILATION_MODE = wholemodule;
				SWIFT_OPTIMIZATION_LEVEL = "-O";
				VALIDATE_PRODUCT = YES;
			};
			name = Release;
		};
		0B6C6CC8207910860006FDCE /* Debug */ = {
			isa = XCBuildConfiguration;
			buildSettings = {
				ASSETCATALOG_COMPILER_APPICON_NAME = AppIcon;
				CODE_SIGN_STYLE = Automatic;
				INFOPLIST_FILE = Weather/Info.plist;
				LD_RUNPATH_SEARCH_PATHS = (
					"$(inherited)",
					"@executable_path/Frameworks",
				);
				PRODUCT_BUNDLE_IDENTIFIER = com.a360.celsius.Weather;
				PRODUCT_NAME = "$(TARGET_NAME)";
				SWIFT_VERSION = 4.0;
				TARGETED_DEVICE_FAMILY = "1,2";
			};
			name = Debug;
		};
		0B6C6CC9207910860006FDCE /* Release */ = {
			isa = XCBuildConfiguration;
			buildSettings = {
				ASSETCATALOG_COMPILER_APPICON_NAME = AppIcon;
				CODE_SIGN_STYLE = Automatic;
				INFOPLIST_FILE = Weather/Info.plist;
				LD_RUNPATH_SEARCH_PATHS = (
					"$(inherited)",
					"@executable_path/Frameworks",
				);
				PRODUCT_BUNDLE_IDENTIFIER = com.a360.celsius.Weather;
				PRODUCT_NAME = "$(TARGET_NAME)";
				SWIFT_VERSION = 4.0;
				TARGETED_DEVICE_FAMILY = "1,2";
			};
			name = Release;
		};
/* End XCBuildConfiguration section */

/* Begin XCConfigurationList section */
		0B6C6CB0207910850006FDCE /* Build configuration list for PBXProject "Weather" */ = {
			isa = XCConfigurationList;
			buildConfigurations = (
				0B6C6CC5207910860006FDCE /* Debug */,
				0B6C6CC6207910860006FDCE /* Release */,
			);
			defaultConfigurationIsVisible = 0;
			defaultConfigurationName = Release;
		};
		0B6C6CC7207910860006FDCE /* Build configuration list for PBXNativeTarget "Weather" */ = {
			isa = XCConfigurationList;
			buildConfigurations = (
				0B6C6CC8207910860006FDCE /* Debug */,
				0B6C6CC9207910860006FDCE /* Release */,
			);
			defaultConfigurationIsVisible = 0;
			defaultConfigurationName = Release;
		};
/* End XCConfigurationList section */

/* Begin XCVersionGroup section */
		0B4A7A95208205F900761A4D /* WheatherData.xcdatamodeld */ = {
			isa = XCVersionGroup;
			children = (
				0B4A7A96208205F900761A4D /* WheatherData.xcdatamodel */,
			);
			currentVersion = 0B4A7A96208205F900761A4D /* WheatherData.xcdatamodel */;
			path = WheatherData.xcdatamodeld;
			sourceTree = "<group>";
			versionGroupType = wrapper.xcdatamodel;
		};
/* End XCVersionGroup section */
	};
	rootObject = 0B6C6CAD207910850006FDCE /* Project object */;
}
